{
    "_readme": [
        "This file locks the dependencies of your project to a known state",
        "Read more about it at https://getcomposer.org/doc/01-basic-usage.md#installing-dependencies",
        "This file is @generated automatically"
    ],
    "content-hash": "1837b7102b63fa2d345a87b4d8f79555",
    "packages": [
        {
            "name": "frosh/shopware-rector",
            "version": "0.4.0",
            "source": {
                "type": "git",
                "url": "https://github.com/FriendsOfShopware/shopware-rector.git",
                "reference": "b1468779fef0fac16475e93bdaeafe98d6099c0a"
            },
            "dist": {
                "type": "zip",
                "url": "https://api.github.com/repos/FriendsOfShopware/shopware-rector/zipball/b1468779fef0fac16475e93bdaeafe98d6099c0a",
                "reference": "b1468779fef0fac16475e93bdaeafe98d6099c0a",
                "shasum": ""
            },
            "require": {
                "php": "^8.1"
            },
            "conflict": {
                "rector/rector": "<1.0"
            },
            "require-dev": {
                "friendsofphp/php-cs-fixer": "^3.57",
                "phpstan/phpstan": "~1.10.26",
                "phpunit/phpunit": "^9.5",
                "rector/rector": "^1.0",
                "symfony/var-dumper": "*",
                "symplify/easy-coding-standard": "~11.2",
                "tracy/tracy": "^2.9"
            },
            "type": "rector-extension",
            "extra": {
                "rector": {
                    "includes": [
                        "config/config.php"
                    ]
                }
            },
            "autoload": {
                "psr-4": {
                    "Frosh\\Rector\\": "src"
                }
            },
            "notification-url": "https://packagist.org/downloads/",
            "license": [
                "mit"
            ],
            "description": "Shopware specific Rector",
            "support": {
                "issues": "https://github.com/FriendsOfShopware/shopware-rector/issues",
                "source": "https://github.com/FriendsOfShopware/shopware-rector/tree/0.4.0"
            },
            "time": "2024-05-18T17:03:10+00:00"
        },
        {
            "name": "phpstan/phpstan",
            "version": "1.11.1",
            "source": {
                "type": "git",
                "url": "https://github.com/phpstan/phpstan.git",
                "reference": "e524358f930e41a2b4cca1320e3b04fc26b39e0b"
            },
            "dist": {
                "type": "zip",
                "url": "https://api.github.com/repos/phpstan/phpstan/zipball/e524358f930e41a2b4cca1320e3b04fc26b39e0b",
                "reference": "e524358f930e41a2b4cca1320e3b04fc26b39e0b",
                "shasum": ""
            },
            "require": {
                "php": "^7.2|^8.0"
            },
            "conflict": {
                "phpstan/phpstan-shim": "*"
            },
            "bin": [
                "phpstan",
                "phpstan.phar"
            ],
            "type": "library",
            "autoload": {
                "files": [
                    "bootstrap.php"
                ]
            },
            "notification-url": "https://packagist.org/downloads/",
            "license": [
                "MIT"
            ],
            "description": "PHPStan - PHP Static Analysis Tool",
            "keywords": [
                "dev",
                "static analysis"
            ],
            "support": {
                "docs": "https://phpstan.org/user-guide/getting-started",
                "forum": "https://github.com/phpstan/phpstan/discussions",
                "issues": "https://github.com/phpstan/phpstan/issues",
                "security": "https://github.com/phpstan/phpstan/security/policy",
                "source": "https://github.com/phpstan/phpstan-src"
            },
            "funding": [
                {
                    "url": "https://github.com/ondrejmirtes",
                    "type": "github"
                },
                {
                    "url": "https://github.com/phpstan",
                    "type": "github"
                }
            ],
            "time": "2024-05-15T08:00:59+00:00"
        },
        {
            "name": "rector/rector",
            "version": "1.1.0",
            "source": {
                "type": "git",
                "url": "https://github.com/rectorphp/rector.git",
                "reference": "556509e2dcf527369892b7d411379c4a02f31859"
            },
            "dist": {
                "type": "zip",
                "url": "https://api.github.com/repos/rectorphp/rector/zipball/556509e2dcf527369892b7d411379c4a02f31859",
                "reference": "556509e2dcf527369892b7d411379c4a02f31859",
                "shasum": ""
            },
            "require": {
                "php": "^7.2|^8.0",
                "phpstan/phpstan": "^1.11"
            },
            "conflict": {
                "rector/rector-doctrine": "*",
                "rector/rector-downgrade-php": "*",
                "rector/rector-phpunit": "*",
                "rector/rector-symfony": "*"
            },
            "suggest": {
                "ext-dom": "To manipulate phpunit.xml via the custom-rule command"
            },
            "bin": [
                "bin/rector"
            ],
            "type": "library",
            "autoload": {
                "files": [
                    "bootstrap.php"
                ]
            },
            "notification-url": "https://packagist.org/downloads/",
            "license": [
                "MIT"
            ],
            "description": "Instant Upgrade and Automated Refactoring of any PHP code",
            "keywords": [
                "automation",
                "dev",
                "migration",
                "refactoring"
            ],
            "support": {
                "issues": "https://github.com/rectorphp/rector/issues",
                "source": "https://github.com/rectorphp/rector/tree/1.1.0"
            },
            "funding": [
                {
                    "url": "https://github.com/tomasvotruba",
                    "type": "github"
                }
            ],
            "time": "2024-05-18T09:40:27+00:00"
        }
    ],
    "packages-dev": [],
    "aliases": [],
    "minimum-stability": "stable",
    "stability-flags": [],
    "prefer-stable": false,
    "prefer-lowest": false,
    "platform": [],
    "platform-dev": [],
    "plugin-api-version": "2.6.0"
}
